
Microsoft Visual Studio Solution File, Format Version 12.00
# Visual Studio Version 17
VisualStudioVersion = 17.1.32407.343
MinimumVisualStudioVersion = 10.0.40219.1
Project("{9A19103F-16F7-4668-BE54-9A1E7A4F7556}") = "BuildingSiteManagementWebApp", "BuildingSiteManagementWebApp.csproj", "{E7C611C6-678F-430B-9EF5-F970BE2FA72D}"
EndProject
Project("{FAE04EC0-301F-11D3-BF4B-00C04F79EFBC}") = "ConsoleTest", "..\ConsoleTest\ConsoleTest.csproj", "{8A9EC2FA-6EC0-430F-A91E-CDF10E12A550}"
EndProject
Global
	GlobalSection(SolutionConfigurationPlatforms) = preSolution
		Debug|Any CPU = Debug|Any CPU
		Release|Any CPU = Release|Any CPU
	EndGlobalSection
	GlobalSection(ProjectConfigurationPlatforms) = postSolution
		{E7C611C6-678F-430B-9EF5-F970BE2FA72D}.Debug|Any CPU.ActiveCfg = Debug|Any CPU
		{E7C611C6-678F-430B-9EF5-F970BE2FA72D}.Debug|Any CPU.Build.0 = Debug|Any CPU
		{E7C611C6-678F-430B-9EF5-F970BE2FA72D}.Release|Any CPU.ActiveCfg = Release|Any CPU
		{E7C611C6-678F-430B-9EF5-F970BE2FA72D}.Release|Any CPU.Build.0 = Release|Any CPU
		{8A9EC2FA-6EC0-430F-A91E-CDF10E12A550}.Debug|Any CPU.ActiveCfg = Debug|Any CPU
		{8A9EC2FA-6EC0-430F-A91E-CDF10E12A550}.Debug|Any CPU.Build.0 = Debug|Any CPU
		{8A9EC2FA-6EC0-430F-A91E-CDF10E12A550}.Release|Any CPU.ActiveCfg = Release|Any CPU
		{8A9EC2FA-6EC0-430F-A91E-CDF10E12A550}.Release|Any CPU.Build.0 = Release|Any CPU
	EndGlobalSection
	GlobalSection(SolutionProperties) = preSolution
		HideSolutionNode = FALSE
	EndGlobalSection
	GlobalSection(ExtensibilityGlobals) = postSolution
		SolutionGuid = {54014552-6ACC-4ED5-8131-8AB475464B48}
	EndGlobalSection
EndGlobal
